
Microsoft Visual Studio Solution File, Format Version 12.00
Project("{FAE04EC0-301F-11D3-BF4B-00C04F79EFBC}") = "SimpleSharp", "SimpleSharp\SimpleSharp.csproj", "{BA9D6ACC-D959-4DEF-A24D-801B7BD53DAB}"
EndProject
Global
	GlobalSection(SolutionConfigurationPlatforms) = preSolution
		Debug|Any CPU = Debug|Any CPU
		Release|Any CPU = Release|Any CPU
	EndGlobalSection
	GlobalSection(ProjectConfigurationPlatforms) = postSolution
		{BA9D6ACC-D959-4DEF-A24D-801B7BD53DAB}.Debug|Any CPU.ActiveCfg = Debug|Any CPU
		{BA9D6ACC-D959-4DEF-A24D-801B7BD53DAB}.Debug|Any CPU.Build.0 = Debug|Any CPU
		{BA9D6ACC-D959-4DEF-A24D-801B7BD53DAB}.Release|Any CPU.ActiveCfg = Release|Any CPU
		{BA9D6ACC-D959-4DEF-A24D-801B7BD53DAB}.Release|Any CPU.Build.0 = Release|Any CPU
	EndGlobalSection
EndGlobal
